<?xml version="1.0" encoding="UTF-8"?>
<Scheme
   version = "1.3">
   <BuildAction>
      <BuildActionEntries>
         <BuildActionEntry
            buildForRunning = "YES">
            <BuildableReference
               BuildableIdentifier = "primary"
               BlueprintIdentifier = "0346ACBB166EB0E000A00BC4"
               BuildableName = "ECRooms.app"
               BlueprintName = "ECRooms"
               ReferencedContainer = "container:ECRooms.xcodeproj">
            </BuildableReference>
         </BuildActionEntry>
      </BuildActionEntries>
   </BuildAction>
   <LaunchAction
      useCustomWorkingDirectory = "NO"
      buildConfiguration = "Debug">
      <BuildableProductRunnable>
         <BuildableReference
            BuildableIdentifier = "primary"
            BlueprintIdentifier = "0346ACBB166EB0E000A00BC4"
            BuildableName = "ECRooms.app"
            BlueprintName = "ECRooms"
            ReferencedContainer = "container:ECRooms.xcodeproj">
         </BuildableReference>
      </BuildableProductRunnable>
   </LaunchAction>
</Scheme>
